{
  "name": "wechat",
  "version": "1.0.0",
  "lockfileVersion": 1,
  "requires": true,
  "dependencies": {
    "@sdcsoft/comms": {
      "version": "1.0.1",
      "resolved": "https://registry.npm.taobao.org/@sdcsoft/comms/download/@sdcsoft/comms-1.0.1.tgz",
      "integrity": "sha1-NtLtZGcFp/8r4T/WXTFUgwkZKOg="
    },
    "@sdcsoft/gfrm": {
      "version": "1.0.0",
      "resolved": "https://registry.npm.taobao.org/@sdcsoft/gfrm/download/@sdcsoft/gfrm-1.0.0.tgz",
      "integrity": "sha1-Ogw2yHd2lbWxqgxfjd4ys3WGB5k=",
      "requires": {
        "@sdcsoft/comms": "^1.0.1"
      }
    },
    "events": {
      "version": "3.0.0",
      "resolved": "http://registry.npm.taobao.org/events/download/events-3.0.0.tgz",
      "integrity": "sha1-mgoN+vYok9krh1uPJpjKQRSXPog="
    },
    "xtend": {
      "version": "4.0.1",
      "resolved": "http://registry.npm.taobao.org/xtend/download/xtend-4.0.1.tgz",
      "integrity": "sha1-pcbVMr5lbiPbgg77lDofBJmNY68="
    }
  }
}
